# THIS IS AN AUTOGENERATED FILE. DO NOT EDIT THIS FILE DIRECTLY.
# yarn lockfile v1


"@messageformat/core@^3.0.0":
  version "3.3.0"
  resolved "https://registry.yarnpkg.com/@messageformat/core/-/core-3.3.0.tgz#31edd52a5f7d017adad85c929809f07741dcfd3f"
  integrity sha512-YcXd3remTDdeMxAlbvW6oV9d/01/DZ8DHUFwSttO3LMzIZj3iO0NRw+u1xlsNNORFI+u0EQzD52ZX3+Udi0T3g==
  dependencies:
    "@messageformat/date-skeleton" "^1.0.0"
    "@messageformat/number-skeleton" "^1.0.0"
    "@messageformat/parser" "^5.1.0"
    "@messageformat/runtime" "^3.0.1"
    make-plural "^7.0.0"
    safe-identifier "^0.4.1"

"@messageformat/date-skeleton@^1.0.0":
  version "1.0.1"
  resolved "https://registry.yarnpkg.com/@messageformat/date-skeleton/-/date-skeleton-1.0.1.tgz#980b8babe21a11433b6e1e8f6dc8c4cae4f5f56b"
  integrity sha512-jPXy8fg+WMPIgmGjxSlnGJn68h/2InfT0TNSkVx0IGXgp4ynnvYkbZ51dGWmGySEK+pBiYUttbQdu5XEqX5CRg==

"@messageformat/number-skeleton@^1.0.0":
  version "1.2.0"
  resolved "https://registry.yarnpkg.com/@messageformat/number-skeleton/-/number-skeleton-1.2.0.tgz#e7c245c41a1b2722bc59dad68f4d454f761bc9b4"
  integrity sha512-xsgwcL7J7WhlHJ3RNbaVgssaIwcEyFkBqxHdcdaiJzwTZAWEOD8BuUFxnxV9k5S0qHN3v/KzUpq0IUpjH1seRg==

"@messageformat/parser@^5.1.0":
  version "5.1.0"
  resolved "https://registry.yarnpkg.com/@messageformat/parser/-/parser-5.1.0.tgz#05e4851c782d633ad735791dd0a68ee65d2a7201"
  integrity sha512-jKlkls3Gewgw6qMjKZ9SFfHUpdzEVdovKFtW1qRhJ3WI4FW5R/NnGDqr8SDGz+krWDO3ki94boMmQvGke1HwUQ==
  dependencies:
    moo "^0.5.1"

"@messageformat/runtime@^3.0.1":
  version "3.0.1"
  resolved "https://registry.yarnpkg.com/@messageformat/runtime/-/runtime-3.0.1.tgz#94d1f6c43265c28ef7aed98ecfcc0968c6c849ac"
  integrity sha512-6RU5ol2lDtO8bD9Yxe6CZkl0DArdv0qkuoZC+ZwowU+cdRlVE1157wjCmlA5Rsf1Xc/brACnsZa5PZpEDfTFFg==
  dependencies:
    make-plural "^7.0.0"

boolean@^3.1.4:
  version "3.2.0"
  resolved "https://registry.yarnpkg.com/boolean/-/boolean-3.2.0.tgz#9e5294af4e98314494cbb17979fa54ca159f116b"
  integrity sha512-d0II/GO9uf9lfUHH2BQsjxzRJZBdsjgsBiW4BvhWk/3qoKwQFjIDVN19PfX8F2D/r9PCMTtLWjYVCFrpeYUzsw==

debug@^4.3.3:
  version "4.3.4"
  resolved "https://registry.yarnpkg.com/debug/-/debug-4.3.4.tgz#1319f6579357f2338d3337d2cdd4914bb5dcc865"
  integrity sha512-PRWFHuSU3eDtQJPvnNY7Jcket1j0t5OuOsFzPPzsekD52Zl8qUfFIPEiswXqIvHWGVHOgX+7G/vCNNhehwxfkQ==
  dependencies:
    ms "2.1.2"

fast-printf@^1.6.9:
  version "1.6.9"
  resolved "https://registry.yarnpkg.com/fast-printf/-/fast-printf-1.6.9.tgz#212f56570d2dc8ccdd057ee93d50dd414d07d676"
  integrity sha512-FChq8hbz65WMj4rstcQsFB0O7Cy++nmbNfLYnD9cYv2cRn8EG6k/MGn9kO/tjO66t09DLDugj3yL+V2o6Qftrg==
  dependencies:
    boolean "^3.1.4"

i18n@^0.15.1:
  version "0.15.1"
  resolved "https://registry.yarnpkg.com/i18n/-/i18n-0.15.1.tgz#68fb8993c461cc440bc2485d82f72019f2b92de8"
  integrity sha512-yue187t8MqUPMHdKjiZGrX+L+xcUsDClGO0Cz4loaKUOK9WrGw5pgan4bv130utOwX7fHE9w2iUeHFalVQWkXA==
  dependencies:
    "@messageformat/core" "^3.0.0"
    debug "^4.3.3"
    fast-printf "^1.6.9"
    make-plural "^7.0.0"
    math-interval-parser "^2.0.1"
    mustache "^4.2.0"

make-plural@^7.0.0:
  version "7.3.0"
  resolved "https://registry.yarnpkg.com/make-plural/-/make-plural-7.3.0.tgz#2889dbafca2fb097037c47967d3e3afa7e48a52c"
  integrity sha512-/K3BC0KIsO+WK2i94LkMPv3wslMrazrQhfi5We9fMbLlLjzoOSJWr7TAdupLlDWaJcWxwoNosBkhFDejiu5VDw==

math-interval-parser@^2.0.1:
  version "2.0.1"
  resolved "https://registry.yarnpkg.com/math-interval-parser/-/math-interval-parser-2.0.1.tgz#e22cd6d15a0a7f4c03aec560db76513da615bed4"
  integrity sha512-VmlAmb0UJwlvMyx8iPhXUDnVW1F9IrGEd9CIOmv+XL8AErCUUuozoDMrgImvnYt2A+53qVX/tPW6YJurMKYsvA==

moo@^0.5.1:
  version "0.5.2"
  resolved "https://registry.yarnpkg.com/moo/-/moo-0.5.2.tgz#f9fe82473bc7c184b0d32e2215d3f6e67278733c"
  integrity sha512-iSAJLHYKnX41mKcJKjqvnAN9sf0LMDTXDEvFv+ffuRR9a1MIuXLjMNL6EsnDHSkKLTWNqQQ5uo61P4EbU4NU+Q==

ms@2.1.2:
  version "2.1.2"
  resolved "https://registry.yarnpkg.com/ms/-/ms-2.1.2.tgz#d09d1f357b443f493382a8eb3ccd183872ae6009"
  integrity sha512-sGkPx+VjMtmA6MX27oA4FBFELFCZZ4S4XqeGOXCv68tT+jb3vk/RyaKWP0PTKyWtmLSM0b+adUTEvbs1PEaH2w==

mustache@^4.2.0:
  version "4.2.0"
  resolved "https://registry.yarnpkg.com/mustache/-/mustache-4.2.0.tgz#e5892324d60a12ec9c2a73359edca52972bf6f64"
  integrity sha512-71ippSywq5Yb7/tVYyGbkBggbU8H3u5Rz56fH60jGFgr8uHwxs+aSKeqmluIVzM0m0kB7xQjKS6qPfd0b2ZoqQ==

safe-identifier@^0.4.1:
  version "0.4.2"
  resolved "https://registry.yarnpkg.com/safe-identifier/-/safe-identifier-0.4.2.tgz#cf6bfca31c2897c588092d1750d30ef501d59fcb"
  integrity sha512-6pNbSMW6OhAi9j+N8V+U715yBQsaWJ7eyEUaOrawX+isg5ZxhUlV1NipNtgaKHmFGiABwt+ZF04Ii+3Xjkg+8w==
